{
    "hash": "a931d775d12a0490463eb5330a3f9d99",
    "packages": [
        {
            "name": "doctrine/common",
            "version": "2.3.x-dev",
            "source": {
                "type": "git",
                "url": "https://github.com/doctrine/common",
                "reference": "bb0aebbf234db52df476a2b473d434745b34221c"
            },
            "dist": {
                "type": "zip",
                "url": "https://github.com/doctrine/common/archive/bb0aebbf234db52df476a2b473d434745b34221c.zip",
                "reference": "bb0aebbf234db52df476a2b473d434745b34221c",
                "shasum": ""
            },
            "require": {
                "php": ">=5.3.2"
            },
            "time": "1348120518",
            "type": "library",
            "extra": {
                "branch-alias": {
                    "dev-master": "2.3.x-dev"
                }
            },
            "installation-source": "source",
            "autoload": {
                "psr-0": {
                    "Doctrine\\Common": "lib/"
                }
            },
            "license": [
                "MIT"
            ],
            "authors": [
                {
                    "name": "Jonathan Wage",
                    "email": "jonwage@gmail.com",
                    "homepage": "http://www.jwage.com/"
                },
                {
                    "name": "Guilherme Blanco",
                    "email": "guilhermeblanco@gmail.com",
                    "homepage": "http://www.instaclick.com"
                },
                {
                    "name": "Roman Borschel",
                    "email": "roman@code-factory.org"
                },
                {
                    "name": "Benjamin Eberlei",
                    "email": "kontakt@beberlei.de"
                },
                {
                    "name": "Johannes Schmitt",
                    "email": "schmittjoh@gmail.com",
                    "homepage": "http://jmsyst.com",
                    "role": "Developer of wrapped JMSSerializerBundle"
                }
            ],
            "description": "Common Library for Doctrine projects",
            "homepage": "http://www.doctrine-project.org",
            "keywords": [
                "collections",
                "spl",
                "eventmanager",
                "annotations",
                "persistence"
            ]
        },
        {
            "name": "knplabs/gaufrette",
            "version": "dev-master",
            "source": {
                "type": "git",
                "url": "https://github.com/KnpLabs/Gaufrette",
                "reference": "ab1219bf6f431e224c935d7242a6444fe46ff248"
            },
            "dist": {
                "type": "zip",
                "url": "https://github.com/KnpLabs/Gaufrette/archive/ab1219bf6f431e224c935d7242a6444fe46ff248.zip",
                "reference": "ab1219bf6f431e224c935d7242a6444fe46ff248",
                "shasum": ""
            },
            "require": {
                "php": ">=5.3.2"
            },
            "require-dev": {
                "rackspace/php-cloudfiles": "*",
                "doctrine/dbal": ">=2.3",
                "amazonwebservices/aws-sdk-for-php": "1.5.*",
                "dropbox-php/dropbox-php": "*",
                "phpspec/phpspec2": "1.0.*",
                "herzult/php-ssh": "*"
            },
            "suggest": {
                "knplabs/knp-gaufrette-bundle": "*",
                "ext-curl": "*",
                "ext-mbstring": "*",
                "ext-mongo": "*",
                "dropbox-php/dropbox-php": "to use the Dropbox adapter",
                "amazonwebservices/aws-sdk-for-php": "to use the Amazon S3 adapter",
                "doctrine/dbal": "to use the Doctrine DBAL adapter",
                "ext-zip": "to use the Zip adapter",
                "ext-apc": "to use the APC adapter"
            },
            "time": "1353930976",
            "type": "library",
            "extra": {
                "branch-alias": {
                    "dev-master": "0.2.x-dev"
                }
            },
            "installation-source": "source",
            "autoload": {
                "psr-0": {
                    "Gaufrette": "src/"
                }
            },
            "license": [
                "MIT"
            ],
            "authors": [
                {
                    "name": "The contributors",
                    "homepage": "http://github.com/knplabs/Gaufrette/contributors"
                },
                {
                    "name": "KnpLabs Team",
                    "homepage": "http://knplabs.com"
                }
            ],
            "description": "PHP5 library that provides a filesystem abstraction layer",
            "homepage": "http://knplabs.com",
            "keywords": [
                "media",
                "file",
                "filesystem",
                "abstraction"
            ]
        },
        {
            "name": "knplabs/knp-gaufrette-bundle",
            "version": "dev-master",
            "target-dir": "Knp/Bundle/GaufretteBundle",
            "source": {
                "type": "git",
                "url": "https://github.com/KnpLabs/KnpGaufretteBundle",
                "reference": "2a505d1b3015820c26ef8d8672a0f103110f193e"
            },
            "dist": {
                "type": "zip",
                "url": "https://github.com/KnpLabs/KnpGaufretteBundle/archive/2a505d1b3015820c26ef8d8672a0f103110f193e.zip",
                "reference": "2a505d1b3015820c26ef8d8672a0f103110f193e",
                "shasum": ""
            },
            "require": {
                "symfony/framework-bundle": "2.*",
                "knplabs/gaufrette": "0.2.*@dev"
            },
            "require-dev": {
                "symfony/yaml": "2.*",
                "symfony/console": "2.*"
            },
            "time": "1353402940",
            "type": "symfony-bundle",
            "extra": {
                "branch-alias": {
                    "dev-master": "0.2.x-dev"
                }
            },
            "installation-source": "source",
            "autoload": {
                "psr-0": {
                    "Knp\\Bundle\\GaufretteBundle": ""
                }
            },
            "license": [
                "MIT"
            ],
            "authors": [
                {
                    "name": "Antoine Hérault",
                    "email": "antoine.herault@gmail.com",
                    "homepage": "https://github.com/Herzult"
                },
                {
                    "name": "The contributors",
                    "homepage": "https://github.com/knplabs/KnpGaufretteBundle/contributors"
                }
            ],
            "description": "Allows to easily use the Gaufrette library in a Symfony project",
            "homepage": "http://knplabs.com",
            "keywords": [
                "media",
                "file",
                "filesystem",
                "abstraction"
            ]
        },
        {
            "name": "symfony/config",
            "version": "dev-master",
            "target-dir": "Symfony/Component/Config",
            "source": {
                "type": "git",
                "url": "https://github.com/symfony/Config",
                "reference": "ba925e84b22d8853e903ac00554fc994902280ba"
            },
            "dist": {
                "type": "zip",
                "url": "https://github.com/symfony/Config/archive/ba925e84b22d8853e903ac00554fc994902280ba.zip",
                "reference": "ba925e84b22d8853e903ac00554fc994902280ba",
                "shasum": ""
            },
            "require": {
                "php": ">=5.3.3"
            },
            "time": "1353329932",
            "type": "library",
            "extra": {
                "branch-alias": {
                    "dev-master": "2.2-dev"
                }
            },
            "installation-source": "source",
            "autoload": {
                "psr-0": {
                    "Symfony\\Component\\Config\\": ""
                }
            },
            "license": [
                "MIT"
            ],
            "authors": [
                {
                    "name": "Fabien Potencier",
                    "email": "fabien@symfony.com"
                },
                {
                    "name": "Symfony Community",
                    "homepage": "http://symfony.com/contributors"
                }
            ],
            "description": "Symfony Config Component",
            "homepage": "http://symfony.com"
        },
        {
            "name": "symfony/dependency-injection",
            "version": "dev-master",
            "target-dir": "Symfony/Component/DependencyInjection",
            "source": {
                "type": "git",
                "url": "https://github.com/symfony/DependencyInjection",
                "reference": "e2713da6f3713eba1bc26dfeeaa7aefde8914676"
            },
            "dist": {
                "type": "zip",
                "url": "https://github.com/symfony/DependencyInjection/archive/e2713da6f3713eba1bc26dfeeaa7aefde8914676.zip",
                "reference": "e2713da6f3713eba1bc26dfeeaa7aefde8914676",
                "shasum": ""
            },
            "require": {
                "php": ">=5.3.3"
            },
            "require-dev": {
                "symfony/yaml": "2.2.*",
                "symfony/config": "2.2.*"
            },
            "suggest": {
                "symfony/yaml": "2.2.*",
                "symfony/config": "2.2.*"
            },
            "time": "1353329932",
            "type": "library",
            "extra": {
                "branch-alias": {
                    "dev-master": "2.2-dev"
                }
            },
            "installation-source": "source",
            "autoload": {
                "psr-0": {
                    "Symfony\\Component\\DependencyInjection\\": ""
                }
            },
            "license": [
                "MIT"
            ],
            "authors": [
                {
                    "name": "Fabien Potencier",
                    "email": "fabien@symfony.com"
                },
                {
                    "name": "Symfony Community",
                    "homepage": "http://symfony.com/contributors"
                }
            ],
            "description": "Symfony DependencyInjection Component",
            "homepage": "http://symfony.com"
        },
        {
            "name": "symfony/event-dispatcher",
            "version": "dev-master",
            "target-dir": "Symfony/Component/EventDispatcher",
            "source": {
                "type": "git",
                "url": "https://github.com/symfony/EventDispatcher",
                "reference": "eb290a447c0af5bea0d3de5d95d498afd8c82f89"
            },
            "dist": {
                "type": "zip",
                "url": "https://github.com/symfony/EventDispatcher/archive/eb290a447c0af5bea0d3de5d95d498afd8c82f89.zip",
                "reference": "eb290a447c0af5bea0d3de5d95d498afd8c82f89",
                "shasum": ""
            },
            "require": {
                "php": ">=5.3.3"
            },
            "require-dev": {
                "symfony/dependency-injection": "2.2.*"
            },
            "suggest": {
                "symfony/dependency-injection": "2.2.*",
                "symfony/http-kernel": "2.2.*"
            },
            "time": "1352815684",
            "type": "library",
            "extra": {
                "branch-alias": {
                    "dev-master": "2.2-dev"
                }
            },
            "installation-source": "source",
            "autoload": {
                "psr-0": {
                    "Symfony\\Component\\EventDispatcher\\": ""
                }
            },
            "license": [
                "MIT"
            ],
            "authors": [
                {
                    "name": "Fabien Potencier",
                    "email": "fabien@symfony.com"
                },
                {
                    "name": "Symfony Community",
                    "homepage": "http://symfony.com/contributors"
                }
            ],
            "description": "Symfony EventDispatcher Component",
            "homepage": "http://symfony.com"
        },
        {
            "name": "symfony/filesystem",
            "version": "dev-master",
            "target-dir": "Symfony/Component/Filesystem",
            "source": {
                "type": "git",
                "url": "https://github.com/symfony/Filesystem",
                "reference": "23e5f803eeb98fd57ab8d8fa1209082041d9d1ab"
            },
            "dist": {
                "type": "zip",
                "url": "https://github.com/symfony/Filesystem/archive/23e5f803eeb98fd57ab8d8fa1209082041d9d1ab.zip",
                "reference": "23e5f803eeb98fd57ab8d8fa1209082041d9d1ab",
                "shasum": ""
            },
            "require": {
                "php": ">=5.3.3"
            },
            "time": "1354185165",
            "type": "library",
            "extra": {
                "branch-alias": {
                    "dev-master": "2.2-dev"
                }
            },
            "installation-source": "source",
            "autoload": {
                "psr-0": {
                    "Symfony\\Component\\Filesystem\\": ""
                }
            },
            "license": [
                "MIT"
            ],
            "authors": [
                {
                    "name": "Fabien Potencier",
                    "email": "fabien@symfony.com"
                },
                {
                    "name": "Symfony Community",
                    "homepage": "http://symfony.com/contributors"
                }
            ],
            "description": "Symfony Filesystem Component",
            "homepage": "http://symfony.com"
        },
        {
            "name": "symfony/framework-bundle",
            "version": "dev-master",
            "target-dir": "Symfony/Bundle/FrameworkBundle",
            "source": {
                "type": "git",
                "url": "https://github.com/symfony/FrameworkBundle",
                "reference": "0b4694643375375357f5a8bc5750907d8c8a1b04"
            },
            "dist": {
                "type": "zip",
                "url": "https://github.com/symfony/FrameworkBundle/archive/0b4694643375375357f5a8bc5750907d8c8a1b04.zip",
                "reference": "0b4694643375375357f5a8bc5750907d8c8a1b04",
                "shasum": ""
            },
            "require": {
                "doctrine/common": ">=2.2,<2.4-dev",
                "php": ">=5.3.3",
                "symfony/dependency-injection": "2.2.*",
                "symfony/config": "2.2.*",
                "symfony/event-dispatcher": "2.2.*",
                "symfony/http-kernel": "2.2.*",
                "symfony/filesystem": "2.2.*",
                "symfony/routing": "2.2.*",
                "symfony/templating": "2.2.*",
                "symfony/translation": "2.2.*",
                "symfony/stopwatch": "2.2.*"
            },
            "require-dev": {
                "symfony/finder": "2.2.*"
            },
            "suggest": {
                "symfony/console": "2.2.*",
                "symfony/finder": "2.2.*",
                "symfony/form": "2.2.*",
                "symfony/validator": "2.2.*"
            },
            "time": "1354185165",
            "type": "symfony-bundle",
            "extra": {
                "branch-alias": {
                    "dev-master": "2.2-dev"
                }
            },
            "installation-source": "source",
            "autoload": {
                "psr-0": {
                    "Symfony\\Bundle\\FrameworkBundle\\": ""
                }
            },
            "license": [
                "MIT"
            ],
            "authors": [
                {
                    "name": "Fabien Potencier",
                    "email": "fabien@symfony.com"
                },
                {
                    "name": "Symfony Community",
                    "homepage": "http://symfony.com/contributors"
                }
            ],
            "description": "Symfony FrameworkBundle",
            "homepage": "http://symfony.com"
        },
        {
            "name": "symfony/http-foundation",
            "version": "dev-master",
            "target-dir": "Symfony/Component/HttpFoundation",
            "source": {
                "type": "git",
                "url": "https://github.com/symfony/HttpFoundation",
                "reference": "c209d2d5b6c99121d4f3144a41e449200f4c1477"
            },
            "dist": {
                "type": "zip",
                "url": "https://github.com/symfony/HttpFoundation/archive/c209d2d5b6c99121d4f3144a41e449200f4c1477.zip",
                "reference": "c209d2d5b6c99121d4f3144a41e449200f4c1477",
                "shasum": ""
            },
            "require": {
                "php": ">=5.3.3"
            },
            "time": "1354541460",
            "type": "library",
            "extra": {
                "branch-alias": {
                    "dev-master": "2.2-dev"
                }
            },
            "installation-source": "source",
            "autoload": {
                "psr-0": {
                    "Symfony\\Component\\HttpFoundation\\": ""
                },
                "classmap": [
                    "Symfony/Component/HttpFoundation/Resources/stubs"
                ]
            },
            "license": [
                "MIT"
            ],
            "authors": [
                {
                    "name": "Fabien Potencier",
                    "email": "fabien@symfony.com"
                },
                {
                    "name": "Symfony Community",
                    "homepage": "http://symfony.com/contributors"
                }
            ],
            "description": "Symfony HttpFoundation Component",
            "homepage": "http://symfony.com"
        },
        {
            "name": "symfony/http-kernel",
            "version": "dev-master",
            "target-dir": "Symfony/Component/HttpKernel",
            "source": {
                "type": "git",
                "url": "https://github.com/symfony/HttpKernel",
                "reference": "b8d175c14bdf4eb9771690eae9718673dcca8408"
            },
            "dist": {
                "type": "zip",
                "url": "https://github.com/symfony/HttpKernel/archive/b8d175c14bdf4eb9771690eae9718673dcca8408.zip",
                "reference": "b8d175c14bdf4eb9771690eae9718673dcca8408",
                "shasum": ""
            },
            "require": {
                "php": ">=5.3.3",
                "symfony/event-dispatcher": "2.2.*",
                "symfony/http-foundation": "2.2.*"
            },
            "require-dev": {
                "symfony/browser-kit": "2.2.*",
                "symfony/class-loader": "2.2.*",
                "symfony/config": "2.2.*",
                "symfony/console": "2.2.*",
                "symfony/dependency-injection": "2.2.*",
                "symfony/finder": "2.2.*",
                "symfony/process": "2.2.*",
                "symfony/routing": "2.2.*",
                "symfony/stopwatch": "2.2.*"
            },
            "suggest": {
                "symfony/browser-kit": "2.2.*",
                "symfony/class-loader": "2.2.*",
                "symfony/config": "2.2.*",
                "symfony/console": "2.2.*",
                "symfony/dependency-injection": "2.2.*",
                "symfony/finder": "2.2.*"
            },
            "time": "1353759223",
            "type": "library",
            "extra": {
                "branch-alias": {
                    "dev-master": "2.2-dev"
                }
            },
            "installation-source": "source",
            "autoload": {
                "psr-0": {
                    "Symfony\\Component\\HttpKernel\\": ""
                }
            },
            "license": [
                "MIT"
            ],
            "authors": [
                {
                    "name": "Fabien Potencier",
                    "email": "fabien@symfony.com"
                },
                {
                    "name": "Symfony Community",
                    "homepage": "http://symfony.com/contributors"
                }
            ],
            "description": "Symfony HttpKernel Component",
            "homepage": "http://symfony.com"
        },
        {
            "name": "symfony/process",
            "version": "dev-master",
            "target-dir": "Symfony/Component/Process",
            "source": {
                "type": "git",
                "url": "https://github.com/symfony/Process",
                "reference": "6ec0a1493b6bc36c196a86382839df470a703bf6"
            },
            "dist": {
                "type": "zip",
                "url": "https://github.com/symfony/Process/archive/6ec0a1493b6bc36c196a86382839df470a703bf6.zip",
                "reference": "6ec0a1493b6bc36c196a86382839df470a703bf6",
                "shasum": ""
            },
            "require": {
                "php": ">=5.3.3"
            },
            "time": "1354185165",
            "type": "library",
            "extra": {
                "branch-alias": {
                    "dev-master": "2.2-dev"
                }
            },
            "installation-source": "source",
            "autoload": {
                "psr-0": {
                    "Symfony\\Component\\Process\\": ""
                }
            },
            "license": [
                "MIT"
            ],
            "authors": [
                {
                    "name": "Fabien Potencier",
                    "email": "fabien@symfony.com"
                },
                {
                    "name": "Symfony Community",
                    "homepage": "http://symfony.com/contributors"
                }
            ],
            "description": "Symfony Process Component",
            "homepage": "http://symfony.com"
        },
        {
            "name": "symfony/routing",
            "version": "dev-master",
            "target-dir": "Symfony/Component/Routing",
            "source": {
                "type": "git",
                "url": "https://github.com/symfony/Routing",
                "reference": "de5f6ded706bf50922c89864693c60793d21e935"
            },
            "dist": {
                "type": "zip",
                "url": "https://github.com/symfony/Routing/archive/de5f6ded706bf50922c89864693c60793d21e935.zip",
                "reference": "de5f6ded706bf50922c89864693c60793d21e935",
                "shasum": ""
            },
            "require": {
                "php": ">=5.3.3"
            },
            "require-dev": {
                "doctrine/common": ">=2.2,<2.4-dev",
                "symfony/config": "2.2.*",
                "symfony/yaml": "2.2.*",
                "symfony/http-kernel": "2.2.*"
            },
            "suggest": {
                "doctrine/common": ">=2.2,<2.4-dev",
                "symfony/config": "2.2.*",
                "symfony/yaml": "2.2.*"
            },
            "time": "1354572697",
            "type": "library",
            "extra": {
                "branch-alias": {
                    "dev-master": "2.2-dev"
                }
            },
            "installation-source": "source",
            "autoload": {
                "psr-0": {
                    "Symfony\\Component\\Routing\\": ""
                }
            },
            "license": [
                "MIT"
            ],
            "authors": [
                {
                    "name": "Fabien Potencier",
                    "email": "fabien@symfony.com"
                },
                {
                    "name": "Symfony Community",
                    "homepage": "http://symfony.com/contributors"
                }
            ],
            "description": "Symfony Routing Component",
            "homepage": "http://symfony.com"
        },
        {
            "name": "symfony/stopwatch",
            "version": "dev-master",
            "target-dir": "Symfony/Component/Stopwatch",
            "source": {
                "type": "git",
                "url": "https://github.com/symfony/Stopwatch",
                "reference": "bde69ee4a6e051257edfb938bedf64eee6f9a94a"
            },
            "dist": {
                "type": "zip",
                "url": "https://github.com/symfony/Stopwatch/archive/bde69ee4a6e051257edfb938bedf64eee6f9a94a.zip",
                "reference": "bde69ee4a6e051257edfb938bedf64eee6f9a94a",
                "shasum": ""
            },
            "require": {
                "php": ">=5.3.3"
            },
            "time": "1352713424",
            "type": "library",
            "extra": {
                "branch-alias": {
                    "dev-master": "2.2-dev"
                }
            },
            "installation-source": "source",
            "autoload": {
                "psr-0": {
                    "Symfony\\Component\\Stopwatch\\": ""
                }
            },
            "license": [
                "MIT"
            ],
            "authors": [
                {
                    "name": "Fabien Potencier",
                    "email": "fabien@symfony.com"
                },
                {
                    "name": "Symfony Community",
                    "homepage": "http://symfony.com/contributors"
                }
            ],
            "description": "Symfony Stopwatch Component",
            "homepage": "http://symfony.com"
        },
        {
            "name": "symfony/templating",
            "version": "dev-master",
            "target-dir": "Symfony/Component/Templating",
            "source": {
                "type": "git",
                "url": "https://github.com/symfony/Templating",
                "reference": "4b517121145a4710ff53c697f28931d5abc6db07"
            },
            "dist": {
                "type": "zip",
                "url": "https://github.com/symfony/Templating/archive/4b517121145a4710ff53c697f28931d5abc6db07.zip",
                "reference": "4b517121145a4710ff53c697f28931d5abc6db07",
                "shasum": ""
            },
            "require": {
                "php": ">=5.3.3"
            },
            "time": "1353329932",
            "type": "library",
            "extra": {
                "branch-alias": {
                    "dev-master": "2.2-dev"
                }
            },
            "installation-source": "source",
            "autoload": {
                "psr-0": {
                    "Symfony\\Component\\Templating\\": ""
                }
            },
            "license": [
                "MIT"
            ],
            "authors": [
                {
                    "name": "Fabien Potencier",
                    "email": "fabien@symfony.com"
                },
                {
                    "name": "Symfony Community",
                    "homepage": "http://symfony.com/contributors"
                }
            ],
            "description": "Symfony Templating Component",
            "homepage": "http://symfony.com"
        },
        {
            "name": "symfony/translation",
            "version": "dev-master",
            "target-dir": "Symfony/Component/Translation",
            "source": {
                "type": "git",
                "url": "https://github.com/symfony/Translation",
                "reference": "976216706aacd5f215e73351818b1e95ff9d39cf"
            },
            "dist": {
                "type": "zip",
                "url": "https://github.com/symfony/Translation/archive/976216706aacd5f215e73351818b1e95ff9d39cf.zip",
                "reference": "976216706aacd5f215e73351818b1e95ff9d39cf",
                "shasum": ""
            },
            "require": {
                "php": ">=5.3.3"
            },
            "require-dev": {
                "symfony/config": "2.2.*",
                "symfony/yaml": "2.2.*"
            },
            "suggest": {
                "symfony/config": "2.2.*",
                "symfony/yaml": "2.2.*"
            },
            "time": "1354185165",
            "type": "library",
            "extra": {
                "branch-alias": {
                    "dev-master": "2.2-dev"
                }
            },
            "installation-source": "source",
            "autoload": {
                "psr-0": {
                    "Symfony\\Component\\Translation\\": ""
                }
            },
            "license": [
                "MIT"
            ],
            "authors": [
                {
                    "name": "Fabien Potencier",
                    "email": "fabien@symfony.com"
                },
                {
                    "name": "Symfony Community",
                    "homepage": "http://symfony.com/contributors"
                }
            ],
            "description": "Symfony Translation Component",
            "homepage": "http://symfony.com"
        }
    ],
    "packages-dev": null,
    "aliases": [

    ],
    "minimum-stability": "dev",
    "stability-flags": {
        "knplabs/knp-gaufrette-bundle": 20
    }
}
